{
  "version": 4,
  "terraform_version": "1.2.6",
  "serial": 34,
  "lineage": "f0b56098-f188-4b47-e3d6-cb3d6f37cb86",
  "outputs": {},
  "resources": [
    {
      "mode": "managed",
      "type": "aws_acm_certificate",
      "name": "ssl_certificate",
      "provider": "provider[\"registry.terraform.io/hashicorp/aws\"].acm_provider",
      "instances": [
        {
          "schema_version": 0,
          "attributes": {
            "arn": "arn:aws:acm:eu-west-1:565685689998:certificate/3ea802e2-f6cb-4cbd-bd30-ade5fab50eed",
            "certificate_authority_arn": "",
            "certificate_body": null,
            "certificate_chain": null,
            "domain_name": "chitralimbu.com",
            "domain_validation_options": [
              {
                "domain_name": "*.chitralimbu.com",
                "resource_record_name": "_ead99344bacb5ff65bf58bb068be7471.chitralimbu.com.",
                "resource_record_type": "CNAME",
                "resource_record_value": "_de3be9542e0108aec9283664176cab21.wsqgzrdths.acm-validations.aws."
              },
              {
                "domain_name": "chitralimbu.com",
                "resource_record_name": "_ead99344bacb5ff65bf58bb068be7471.chitralimbu.com.",
                "resource_record_type": "CNAME",
                "resource_record_value": "_de3be9542e0108aec9283664176cab21.wsqgzrdths.acm-validations.aws."
              }
            ],
            "id": "arn:aws:acm:eu-west-1:565685689998:certificate/3ea802e2-f6cb-4cbd-bd30-ade5fab50eed",
            "options": [
              {
                "certificate_transparency_logging_preference": "ENABLED"
              }
            ],
            "private_key": null,
            "status": "ISSUED",
            "subject_alternative_names": [
              "*.chitralimbu.com",
              "chitralimbu.com"
            ],
            "tags": {
              "Project": "chitralimbu.com"
            },
            "tags_all": {
              "Project": "chitralimbu.com"
            },
            "validation_emails": [],
            "validation_method": "DNS",
            "validation_option": []
          },
          "sensitive_attributes": [],
          "private": "bnVsbA==",
          "create_before_destroy": true
        }
      ]
    },
    {
      "mode": "managed",
      "type": "aws_acm_certificate_validation",
      "name": "cert_validation",
      "provider": "provider[\"registry.terraform.io/hashicorp/aws\"].acm_provider",
      "instances": [
        {
          "schema_version": 0,
          "attributes": {
            "certificate_arn": "arn:aws:acm:eu-west-1:565685689998:certificate/3ea802e2-f6cb-4cbd-bd30-ade5fab50eed",
            "id": "0001-01-01 00:00:00 +0000 UTC",
            "timeouts": null,
            "validation_record_fqdns": [
              "_ead99344bacb5ff65bf58bb068be7471.chitralimbu.com"
            ]
          },
          "sensitive_attributes": [],
          "private": "eyJlMmJmYjczMC1lY2FhLTExZTYtOGY4OC0zNDM2M2JjN2M0YzAiOnsiY3JlYXRlIjo0NTAwMDAwMDAwMDAwfX0=",
          "dependencies": [
            "aws_acm_certificate.ssl_certificate",
            "aws_route53_record.cert_validation",
            "aws_route53_zone.main"
          ]
        }
      ]
    },
    {
      "mode": "managed",
      "type": "aws_route53_record",
      "name": "cert_validation",
      "provider": "provider[\"registry.terraform.io/hashicorp/aws\"]",
      "instances": [
        {
          "index_key": "*.chitralimbu.com",
          "schema_version": 2,
          "attributes": {
            "alias": [],
            "allow_overwrite": true,
            "failover_routing_policy": [],
            "fqdn": "_ead99344bacb5ff65bf58bb068be7471.chitralimbu.com",
            "geolocation_routing_policy": [],
            "health_check_id": "",
            "id": "Z004927115HD5YQ9S7BSU__ead99344bacb5ff65bf58bb068be7471.chitralimbu.com._CNAME",
            "latency_routing_policy": [],
            "multivalue_answer_routing_policy": null,
            "name": "_ead99344bacb5ff65bf58bb068be7471.chitralimbu.com",
            "records": [
              "_de3be9542e0108aec9283664176cab21.wsqgzrdths.acm-validations.aws."
            ],
            "set_identifier": "",
            "ttl": 60,
            "type": "CNAME",
            "weighted_routing_policy": [],
            "zone_id": "Z004927115HD5YQ9S7BSU"
          },
          "sensitive_attributes": [],
          "private": "eyJzY2hlbWFfdmVyc2lvbiI6IjIifQ==",
          "dependencies": [
            "aws_acm_certificate.ssl_certificate",
            "aws_route53_zone.main"
          ]
        },
        {
          "index_key": "chitralimbu.com",
          "schema_version": 2,
          "attributes": {
            "alias": [],
            "allow_overwrite": true,
            "failover_routing_policy": [],
            "fqdn": "_ead99344bacb5ff65bf58bb068be7471.chitralimbu.com",
            "geolocation_routing_policy": [],
            "health_check_id": "",
            "id": "Z004927115HD5YQ9S7BSU__ead99344bacb5ff65bf58bb068be7471.chitralimbu.com._CNAME",
            "latency_routing_policy": [],
            "multivalue_answer_routing_policy": null,
            "name": "_ead99344bacb5ff65bf58bb068be7471.chitralimbu.com",
            "records": [
              "_de3be9542e0108aec9283664176cab21.wsqgzrdths.acm-validations.aws."
            ],
            "set_identifier": "",
            "ttl": 60,
            "type": "CNAME",
            "weighted_routing_policy": [],
            "zone_id": "Z004927115HD5YQ9S7BSU"
          },
          "sensitive_attributes": [],
          "private": "eyJzY2hlbWFfdmVyc2lvbiI6IjIifQ==",
          "dependencies": [
            "aws_acm_certificate.ssl_certificate",
            "aws_route53_zone.main"
          ]
        }
      ]
    },
    {
      "mode": "managed",
      "type": "aws_route53_zone",
      "name": "main",
      "provider": "provider[\"registry.terraform.io/hashicorp/aws\"]",
      "instances": [
        {
          "schema_version": 0,
          "attributes": {
            "arn": "arn:aws:route53:::hostedzone/Z004927115HD5YQ9S7BSU",
            "comment": "Managed by Terraform",
            "delegation_set_id": "",
            "force_destroy": false,
            "id": "Z004927115HD5YQ9S7BSU",
            "name": "chitralimbu.com",
            "name_servers": [
              "ns-1048.awsdns-03.org",
              "ns-2016.awsdns-60.co.uk",
              "ns-418.awsdns-52.com",
              "ns-595.awsdns-10.net"
            ],
            "tags": {
              "Project": "chitralimbu.com"
            },
            "tags_all": {
              "Project": "chitralimbu.com"
            },
            "vpc": [],
            "zone_id": "Z004927115HD5YQ9S7BSU"
          },
          "sensitive_attributes": [],
          "private": "bnVsbA=="
        }
      ]
    },
    {
      "mode": "managed",
      "type": "aws_s3_bucket",
      "name": "chitralimbu_bucket",
      "provider": "provider[\"registry.terraform.io/hashicorp/aws\"]",
      "instances": [
        {
          "schema_version": 0,
          "attributes": {
            "acceleration_status": "",
            "acl": null,
            "arn": "arn:aws:s3:::www.chitralimbu.com",
            "bucket": "www.chitralimbu.com",
            "bucket_domain_name": "www.chitralimbu.com.s3.amazonaws.com",
            "bucket_prefix": null,
            "bucket_regional_domain_name": "www.chitralimbu.com.s3.eu-west-1.amazonaws.com",
            "cors_rule": [
              {
                "allowed_headers": [
                  "Authorization",
                  "Conent-Length"
                ],
                "allowed_methods": [
                  "POST",
                  "GET"
                ],
                "allowed_origins": [
                  "https://www.chitralimbu.com"
                ],
                "expose_headers": [],
                "max_age_seconds": 3000
              }
            ],
            "force_destroy": false,
            "grant": [
              {
                "id": "",
                "permissions": [
                  "READ"
                ],
                "type": "Group",
                "uri": "http://acs.amazonaws.com/groups/global/AllUsers"
              },
              {
                "id": "a261ad31f6a97d9aed26e360b86baad6dea331a5746bda8aa99c77b1cd08ba15",
                "permissions": [
                  "FULL_CONTROL"
                ],
                "type": "CanonicalUser",
                "uri": ""
              }
            ],
            "hosted_zone_id": "Z1BKCTXD74EZPE",
            "id": "www.chitralimbu.com",
            "lifecycle_rule": [],
            "logging": [],
            "object_lock_configuration": [],
            "object_lock_enabled": false,
            "policy": "{\"Version\":\"2012-10-17\",\"Statement\":[{\"Sid\":\"PublicReadGetObject\",\"Effect\":\"Allow\",\"Principal\":\"*\",\"Action\":\"s3:GetObject\",\"Resource\":\"arn:aws:s3:::www.chitralimbu.com/*\"}]}",
            "region": "eu-west-1",
            "replication_configuration": [],
            "request_payer": "BucketOwner",
            "server_side_encryption_configuration": [],
            "tags": {
              "Project": "chitralimbu.com"
            },
            "tags_all": {
              "Project": "chitralimbu.com"
            },
            "versioning": [
              {
                "enabled": false,
                "mfa_delete": false
              }
            ],
            "website": [
              {
                "error_document": "404.html",
                "index_document": "index.html",
                "redirect_all_requests_to": "",
                "routing_rules": ""
              }
            ],
            "website_domain": "s3-website-eu-west-1.amazonaws.com",
            "website_endpoint": "www.chitralimbu.com.s3-website-eu-west-1.amazonaws.com"
          },
          "sensitive_attributes": [],
          "private": "bnVsbA=="
        }
      ]
    },
    {
      "mode": "managed",
      "type": "aws_s3_bucket",
      "name": "chitralimbu_root_bucket",
      "provider": "provider[\"registry.terraform.io/hashicorp/aws\"]",
      "instances": [
        {
          "schema_version": 0,
          "attributes": {
            "acceleration_status": "",
            "acl": null,
            "arn": "arn:aws:s3:::chitralimbu.com",
            "bucket": "chitralimbu.com",
            "bucket_domain_name": "chitralimbu.com.s3.amazonaws.com",
            "bucket_prefix": null,
            "bucket_regional_domain_name": "chitralimbu.com.s3.eu-west-1.amazonaws.com",
            "cors_rule": [],
            "force_destroy": false,
            "grant": [
              {
                "id": "",
                "permissions": [
                  "READ"
                ],
                "type": "Group",
                "uri": "http://acs.amazonaws.com/groups/global/AllUsers"
              },
              {
                "id": "a261ad31f6a97d9aed26e360b86baad6dea331a5746bda8aa99c77b1cd08ba15",
                "permissions": [
                  "FULL_CONTROL"
                ],
                "type": "CanonicalUser",
                "uri": ""
              }
            ],
            "hosted_zone_id": "Z1BKCTXD74EZPE",
            "id": "chitralimbu.com",
            "lifecycle_rule": [],
            "logging": [],
            "object_lock_configuration": [],
            "object_lock_enabled": false,
            "policy": "{\"Version\":\"2012-10-17\",\"Statement\":[{\"Sid\":\"PublicReadGetObject\",\"Effect\":\"Allow\",\"Principal\":\"*\",\"Action\":\"s3:GetObject\",\"Resource\":\"arn:aws:s3:::chitralimbu.com/*\"}]}",
            "region": "eu-west-1",
            "replication_configuration": [],
            "request_payer": "BucketOwner",
            "server_side_encryption_configuration": [],
            "tags": {
              "Project": "chitralimbu.com"
            },
            "tags_all": {
              "Project": "chitralimbu.com"
            },
            "versioning": [
              {
                "enabled": false,
                "mfa_delete": false
              }
            ],
            "website": [
              {
                "error_document": "",
                "index_document": "",
                "redirect_all_requests_to": "https://www.chitralimbu.com",
                "routing_rules": ""
              }
            ],
            "website_domain": "s3-website-eu-west-1.amazonaws.com",
            "website_endpoint": "chitralimbu.com.s3-website-eu-west-1.amazonaws.com"
          },
          "sensitive_attributes": [],
          "private": "bnVsbA=="
        }
      ]
    },
    {
      "mode": "managed",
      "type": "aws_s3_bucket_acl",
      "name": "chitralimbu_bucket_acl",
      "provider": "provider[\"registry.terraform.io/hashicorp/aws\"]",
      "instances": [
        {
          "schema_version": 0,
          "attributes": {
            "access_control_policy": [
              {
                "grant": [
                  {
                    "grantee": [
                      {
                        "display_name": "",
                        "email_address": "",
                        "id": "",
                        "type": "Group",
                        "uri": "http://acs.amazonaws.com/groups/global/AllUsers"
                      }
                    ],
                    "permission": "READ"
                  },
                  {
                    "grantee": [
                      {
                        "display_name": "nikulimb",
                        "email_address": "",
                        "id": "a261ad31f6a97d9aed26e360b86baad6dea331a5746bda8aa99c77b1cd08ba15",
                        "type": "CanonicalUser",
                        "uri": ""
                      }
                    ],
                    "permission": "FULL_CONTROL"
                  }
                ],
                "owner": [
                  {
                    "display_name": "nikulimb",
                    "id": "a261ad31f6a97d9aed26e360b86baad6dea331a5746bda8aa99c77b1cd08ba15"
                  }
                ]
              }
            ],
            "acl": "public-read",
            "bucket": "www.chitralimbu.com",
            "expected_bucket_owner": "",
            "id": "www.chitralimbu.com,public-read"
          },
          "sensitive_attributes": [],
          "private": "bnVsbA==",
          "dependencies": [
            "aws_s3_bucket.chitralimbu_bucket"
          ]
        }
      ]
    },
    {
      "mode": "managed",
      "type": "aws_s3_bucket_acl",
      "name": "chitralimbu_root_bucket_acl",
      "provider": "provider[\"registry.terraform.io/hashicorp/aws\"]",
      "instances": [
        {
          "schema_version": 0,
          "attributes": {
            "access_control_policy": [
              {
                "grant": [
                  {
                    "grantee": [
                      {
                        "display_name": "",
                        "email_address": "",
                        "id": "",
                        "type": "Group",
                        "uri": "http://acs.amazonaws.com/groups/global/AllUsers"
                      }
                    ],
                    "permission": "READ"
                  },
                  {
                    "grantee": [
                      {
                        "display_name": "nikulimb",
                        "email_address": "",
                        "id": "a261ad31f6a97d9aed26e360b86baad6dea331a5746bda8aa99c77b1cd08ba15",
                        "type": "CanonicalUser",
                        "uri": ""
                      }
                    ],
                    "permission": "FULL_CONTROL"
                  }
                ],
                "owner": [
                  {
                    "display_name": "nikulimb",
                    "id": "a261ad31f6a97d9aed26e360b86baad6dea331a5746bda8aa99c77b1cd08ba15"
                  }
                ]
              }
            ],
            "acl": "public-read",
            "bucket": "chitralimbu.com",
            "expected_bucket_owner": "",
            "id": "chitralimbu.com,public-read"
          },
          "sensitive_attributes": [],
          "private": "bnVsbA==",
          "dependencies": [
            "aws_s3_bucket.chitralimbu_root_bucket"
          ]
        }
      ]
    },
    {
      "mode": "managed",
      "type": "aws_s3_bucket_cors_configuration",
      "name": "chitralimbu_cors_config",
      "provider": "provider[\"registry.terraform.io/hashicorp/aws\"]",
      "instances": [
        {
          "schema_version": 0,
          "attributes": {
            "bucket": "www.chitralimbu.com",
            "cors_rule": [
              {
                "allowed_headers": [
                  "Authorization",
                  "Conent-Length"
                ],
                "allowed_methods": [
                  "GET",
                  "POST"
                ],
                "allowed_origins": [
                  "https://www.chitralimbu.com"
                ],
                "expose_headers": [],
                "id": "",
                "max_age_seconds": 3000
              }
            ],
            "expected_bucket_owner": "",
            "id": "www.chitralimbu.com"
          },
          "sensitive_attributes": [],
          "private": "bnVsbA==",
          "dependencies": [
            "aws_s3_bucket.chitralimbu_bucket"
          ]
        }
      ]
    },
    {
      "mode": "managed",
      "type": "aws_s3_bucket_policy",
      "name": "chitralimbu_bucket_policy",
      "provider": "provider[\"registry.terraform.io/hashicorp/aws\"]",
      "instances": [
        {
          "schema_version": 0,
          "attributes": {
            "bucket": "www.chitralimbu.com",
            "id": "www.chitralimbu.com",
            "policy": "{\"Statement\":[{\"Action\":\"s3:GetObject\",\"Effect\":\"Allow\",\"Principal\":\"*\",\"Resource\":\"arn:aws:s3:::www.chitralimbu.com/*\",\"Sid\":\"PublicReadGetObject\"}],\"Version\":\"2012-10-17\"}"
          },
          "sensitive_attributes": [],
          "private": "bnVsbA==",
          "dependencies": [
            "aws_s3_bucket.chitralimbu_bucket"
          ]
        }
      ]
    },
    {
      "mode": "managed",
      "type": "aws_s3_bucket_policy",
      "name": "chitralimbu_root_bucket_policy",
      "provider": "provider[\"registry.terraform.io/hashicorp/aws\"]",
      "instances": [
        {
          "schema_version": 0,
          "attributes": {
            "bucket": "chitralimbu.com",
            "id": "chitralimbu.com",
            "policy": "{\"Statement\":[{\"Action\":\"s3:GetObject\",\"Effect\":\"Allow\",\"Principal\":\"*\",\"Resource\":\"arn:aws:s3:::chitralimbu.com/*\",\"Sid\":\"PublicReadGetObject\"}],\"Version\":\"2012-10-17\"}"
          },
          "sensitive_attributes": [],
          "private": "bnVsbA==",
          "dependencies": [
            "aws_s3_bucket.chitralimbu_root_bucket"
          ]
        }
      ]
    },
    {
      "mode": "managed",
      "type": "aws_s3_bucket_versioning",
      "name": "chitralimbu_bucket_versioning",
      "provider": "provider[\"registry.terraform.io/hashicorp/aws\"]",
      "instances": [
        {
          "schema_version": 0,
          "attributes": {
            "bucket": "www.chitralimbu.com",
            "expected_bucket_owner": "",
            "id": "www.chitralimbu.com",
            "mfa": null,
            "versioning_configuration": [
              {
                "mfa_delete": "",
                "status": "Disabled"
              }
            ]
          },
          "sensitive_attributes": [],
          "private": "bnVsbA==",
          "dependencies": [
            "aws_s3_bucket.chitralimbu_bucket"
          ]
        }
      ]
    },
    {
      "mode": "managed",
      "type": "aws_s3_bucket_versioning",
      "name": "chitralimbu_root_bucket_versioning",
      "provider": "provider[\"registry.terraform.io/hashicorp/aws\"]",
      "instances": [
        {
          "schema_version": 0,
          "attributes": {
            "bucket": "chitralimbu.com",
            "expected_bucket_owner": "",
            "id": "chitralimbu.com",
            "mfa": null,
            "versioning_configuration": [
              {
                "mfa_delete": "",
                "status": "Disabled"
              }
            ]
          },
          "sensitive_attributes": [],
          "private": "bnVsbA==",
          "dependencies": [
            "aws_s3_bucket.chitralimbu_root_bucket"
          ]
        }
      ]
    },
    {
      "mode": "managed",
      "type": "aws_s3_bucket_website_configuration",
      "name": "chitralimbu_bucket_website",
      "provider": "provider[\"registry.terraform.io/hashicorp/aws\"]",
      "instances": [
        {
          "schema_version": 0,
          "attributes": {
            "bucket": "www.chitralimbu.com",
            "error_document": [
              {
                "key": "404.html"
              }
            ],
            "expected_bucket_owner": "",
            "id": "www.chitralimbu.com",
            "index_document": [
              {
                "suffix": "index.html"
              }
            ],
            "redirect_all_requests_to": [],
            "routing_rule": [],
            "routing_rules": "",
            "website_domain": "s3-website-eu-west-1.amazonaws.com",
            "website_endpoint": "www.chitralimbu.com.s3-website-eu-west-1.amazonaws.com"
          },
          "sensitive_attributes": [],
          "private": "bnVsbA==",
          "dependencies": [
            "aws_s3_bucket.chitralimbu_bucket"
          ]
        }
      ]
    },
    {
      "mode": "managed",
      "type": "aws_s3_bucket_website_configuration",
      "name": "chitralimbu_root_website_config",
      "provider": "provider[\"registry.terraform.io/hashicorp/aws\"]",
      "instances": [
        {
          "schema_version": 0,
          "attributes": {
            "bucket": "chitralimbu.com",
            "error_document": [],
            "expected_bucket_owner": "",
            "id": "chitralimbu.com",
            "index_document": [],
            "redirect_all_requests_to": [
              {
                "host_name": "https://www.chitralimbu.com",
                "protocol": ""
              }
            ],
            "routing_rule": [],
            "routing_rules": "",
            "website_domain": "s3-website-eu-west-1.amazonaws.com",
            "website_endpoint": "chitralimbu.com.s3-website-eu-west-1.amazonaws.com"
          },
          "sensitive_attributes": [],
          "private": "bnVsbA==",
          "dependencies": [
            "aws_s3_bucket.chitralimbu_root_bucket"
          ]
        }
      ]
    }
  ]
}
